
Microsoft Visual Studio Solution File, Format Version 12.00
# Visual Studio Version 17
VisualStudioVersion = 17.3.32819.101
MinimumVisualStudioVersion = 10.0.40219.1
Project("{FAE04EC0-301F-11D3-BF4B-00C04F79EFBC}") = "Calculator", "Calculator\Calculator.csproj", "{E9F9234F-0FD8-4332-A7E8-F919D8E760E3}"
EndProject
Global
	GlobalSection(SolutionConfigurationPlatforms) = preSolution
		Debug|Any CPU = Debug|Any CPU
		Release|Any CPU = Release|Any CPU
	EndGlobalSection
	GlobalSection(ProjectConfigurationPlatforms) = postSolution
		{E9F9234F-0FD8-4332-A7E8-F919D8E760E3}.Debug|Any CPU.ActiveCfg = Debug|Any CPU
		{E9F9234F-0FD8-4332-A7E8-F919D8E760E3}.Debug|Any CPU.Build.0 = Debug|Any CPU
		{E9F9234F-0FD8-4332-A7E8-F919D8E760E3}.Release|Any CPU.ActiveCfg = Release|Any CPU
		{E9F9234F-0FD8-4332-A7E8-F919D8E760E3}.Release|Any CPU.Build.0 = Release|Any CPU
	EndGlobalSection
	GlobalSection(SolutionProperties) = preSolution
		HideSolutionNode = FALSE
	EndGlobalSection
	GlobalSection(ExtensibilityGlobals) = postSolution
		SolutionGuid = {3DD977D5-898D-4C41-A6B2-34352D66BA62}
	EndGlobalSection
EndGlobal
